
Microsoft Visual Studio Solution File, Format Version 12.00
# Visual Studio Version 17
VisualStudioVersion = 17.12.35527.113 d17.12
MinimumVisualStudioVersion = 10.0.40219.1
Project("{FAE04EC0-301F-11D3-BF4B-00C04F79EFBC}") = "Wheres My Cursor", "Wheres My Cursor.csproj", "{BEE6B04E-1883-47B8-8152-2EDC15C1D88F}"
EndProject
Global
	GlobalSection(SolutionConfigurationPlatforms) = preSolution
		Debug|Any CPU = Debug|Any CPU
		Release|Any CPU = Release|Any CPU
	EndGlobalSection
	GlobalSection(ProjectConfigurationPlatforms) = postSolution
		{BEE6B04E-1883-47B8-8152-2EDC15C1D88F}.Debug|Any CPU.ActiveCfg = Debug|Any CPU
		{BEE6B04E-1883-47B8-8152-2EDC15C1D88F}.Debug|Any CPU.Build.0 = Debug|Any CPU
		{BEE6B04E-1883-47B8-8152-2EDC15C1D88F}.Release|Any CPU.ActiveCfg = Release|Any CPU
		{BEE6B04E-1883-47B8-8152-2EDC15C1D88F}.Release|Any CPU.Build.0 = Release|Any CPU
	EndGlobalSection
	GlobalSection(SolutionProperties) = preSolution
		HideSolutionNode = FALSE
	EndGlobalSection
EndGlobal
